{
  "name": "@wealthy/api/data-access-db",
  "version": "0.0.1",
  "lockfileVersion": 2,
  "requires": true,
  "packages": {
    "": {
      "name": "@wealthy/api/data-access-db",
      "version": "0.0.1",
      "dependencies": {
        "@prisma/client": "^4.5.0",
        "prisma": "^4.7.1"
      }
    },
    "node_modules/@prisma/client": {
      "version": "4.5.0",
      "resolved": "https://registry.npmjs.org/@prisma/client/-/client-4.5.0.tgz",
      "integrity": "sha512-B2cV0OPI1smhdYUxsJoLYQLoMlLH06MUxgFUWQnHodGMX98VRVXKmQE/9OcrTNkqtke5RC+YU24Szxd04tZA2g==",
      "hasInstallScript": true,
      "dependencies": {
        "@prisma/engines-version": "4.5.0-43.0362da9eebca54d94c8ef5edd3b2e90af99ba452"
      },
      "engines": {
        "node": ">=14.17"
      },
      "peerDependencies": {
        "prisma": "*"
      },
      "peerDependenciesMeta": {
        "prisma": {
          "optional": true
        }
      }
    },
    "node_modules/@prisma/engines": {
      "version": "4.7.1",
      "resolved": "https://registry.npmjs.org/@prisma/engines/-/engines-4.7.1.tgz",
      "integrity": "sha512-zWabHosTdLpXXlMefHmnouhXMoTB1+SCbUU3t4FCmdrtIOZcarPKU3Alto7gm/pZ9vHlGOXHCfVZ1G7OIrSbog==",
      "hasInstallScript": true
    },
    "node_modules/@prisma/engines-version": {
      "version": "4.5.0-43.0362da9eebca54d94c8ef5edd3b2e90af99ba452",
      "resolved": "https://registry.npmjs.org/@prisma/engines-version/-/engines-version-4.5.0-43.0362da9eebca54d94c8ef5edd3b2e90af99ba452.tgz",
      "integrity": "sha512-o7LyVx8PPJBLrEzLl6lpxxk2D5VnlM4Fwmrbq0NoT6pr5aa1OuHD9ZG+WJY6TlR/iD9bhmo2LNcxddCMr5Rv2A=="
    },
    "node_modules/prisma": {
      "version": "4.7.1",
      "resolved": "https://registry.npmjs.org/prisma/-/prisma-4.7.1.tgz",
      "integrity": "sha512-CCQP+m+1qZOGIZlvnL6T3ZwaU0LAleIHYFPN9tFSzjs/KL6vH9rlYbGOkTuG9Q1s6Ki5D0LJlYlW18Z9EBUpGg==",
      "hasInstallScript": true,
      "dependencies": {
        "@prisma/engines": "4.7.1"
      },
      "bin": {
        "prisma": "build/index.js",
        "prisma2": "build/index.js"
      },
      "engines": {
        "node": ">=14.17"
      }
    }
  },
  "dependencies": {
    "@prisma/client": {
      "version": "4.5.0",
      "resolved": "https://registry.npmjs.org/@prisma/client/-/client-4.5.0.tgz",
      "integrity": "sha512-B2cV0OPI1smhdYUxsJoLYQLoMlLH06MUxgFUWQnHodGMX98VRVXKmQE/9OcrTNkqtke5RC+YU24Szxd04tZA2g==",
      "requires": {
        "@prisma/engines-version": "4.5.0-43.0362da9eebca54d94c8ef5edd3b2e90af99ba452"
      }
    },
    "@prisma/engines": {
      "version": "4.7.1",
      "resolved": "https://registry.npmjs.org/@prisma/engines/-/engines-4.7.1.tgz",
      "integrity": "sha512-zWabHosTdLpXXlMefHmnouhXMoTB1+SCbUU3t4FCmdrtIOZcarPKU3Alto7gm/pZ9vHlGOXHCfVZ1G7OIrSbog=="
    },
    "@prisma/engines-version": {
      "version": "4.5.0-43.0362da9eebca54d94c8ef5edd3b2e90af99ba452",
      "resolved": "https://registry.npmjs.org/@prisma/engines-version/-/engines-version-4.5.0-43.0362da9eebca54d94c8ef5edd3b2e90af99ba452.tgz",
      "integrity": "sha512-o7LyVx8PPJBLrEzLl6lpxxk2D5VnlM4Fwmrbq0NoT6pr5aa1OuHD9ZG+WJY6TlR/iD9bhmo2LNcxddCMr5Rv2A=="
    },
    "prisma": {
      "version": "4.7.1",
      "resolved": "https://registry.npmjs.org/prisma/-/prisma-4.7.1.tgz",
      "integrity": "sha512-CCQP+m+1qZOGIZlvnL6T3ZwaU0LAleIHYFPN9tFSzjs/KL6vH9rlYbGOkTuG9Q1s6Ki5D0LJlYlW18Z9EBUpGg==",
      "requires": {
        "@prisma/engines": "4.7.1"
      }
    }
  }
}
